// !$*UTF8*$!
{
	archiveVersion = 1;
	classes = {
	};
	objectVersion = 56;
	objects = {

/* Begin PBXBuildFile section */
		A8A266B62B22D76900D1B5FF /* IOTApp.swift in Sources */ = {isa = PBXBuildFile; fileRef = A8A266B52B22D76900D1B5FF /* IOTApp.swift */; };
		A8A266B82B22D76900D1B5FF /* ContentView.swift in Sources */ = {isa = PBXBuildFile; fileRef = A8A266B72B22D76900D1B5FF /* ContentView.swift */; };
		A8A266BA2B22D76A00D1B5FF /* Assets.xcassets in Resources */ = {isa = PBXBuildFile; fileRef = A8A266B92B22D76A00D1B5FF /* Assets.xcassets */; };
		A8A266BD2B22D76A00D1B5FF /* Preview Assets.xcassets in Resources */ = {isa = PBXBuildFile; fileRef = A8A266BC2B22D76A00D1B5FF /* Preview Assets.xcassets */; };
		A8A266C72B22D76A00D1B5FF /* IOTTests.swift in Sources */ = {isa = PBXBuildFile; fileRef = A8A266C62B22D76A00D1B5FF /* IOTTests.swift */; };
		A8A266D12B22D76A00D1B5FF /* IOTUITests.swift in Sources */ = {isa = PBXBuildFile; fileRef = A8A266D02B22D76A00D1B5FF /* IOTUITests.swift */; };
		A8A266D32B22D76A00D1B5FF /* IOTUITestsLaunchTests.swift in Sources */ = {isa = PBXBuildFile; fileRef = A8A266D22B22D76A00D1B5FF /* IOTUITestsLaunchTests.swift */; };
/* End PBXBuildFile section */

/* Begin PBXContainerItemProxy section */
		A8A266C32B22D76A00D1B5FF /* PBXContainerItemProxy */ = {
			isa = PBXContainerItemProxy;
			containerPortal = A8A266AA2B22D76900D1B5FF /* Project object */;
			proxyType = 1;
			remoteGlobalIDString = A8A266B12B22D76900D1B5FF;
			remoteInfo = IOT;
		};
		A8A266CD2B22D76A00D1B5FF /* PBXContainerItemProxy */ = {
			isa = PBXContainerItemProxy;
			containerPortal = A8A266AA2B22D76900D1B5FF /* Project object */;
			proxyType = 1;
			remoteGlobalIDString = A8A266B12B22D76900D1B5FF;
			remoteInfo = IOT;
		};
/* End PBXContainerItemProxy section */

/* Begin PBXFileReference section */
		A8A266B22B22D76900D1B5FF /* IOT.app */ = {isa = PBXFileReference; explicitFileType = wrapper.application; includeInIndex = 0; path = IOT.app; sourceTree = BUILT_PRODUCTS_DIR; };
		A8A266B52B22D76900D1B5FF /* IOTApp.swift */ = {isa = PBXFileReference; lastKnownFileType = sourcecode.swift; path = IOTApp.swift; sourceTree = "<group>"; };
		A8A266B72B22D76900D1B5FF /* ContentView.swift */ = {isa = PBXFileReference; lastKnownFileType = sourcecode.swift; path = ContentView.swift; sourceTree = "<group>"; };
		A8A266B92B22D76A00D1B5FF /* Assets.xcassets */ = {isa = PBXFileReference; lastKnownFileType = folder.assetcatalog; path = Assets.xcassets; sourceTree = "<group>"; };
		A8A266BC2B22D76A00D1B5FF /* Preview Assets.xcassets */ = {isa = PBXFileReference; lastKnownFileType = folder.assetcatalog; path = "Preview Assets.xcassets"; sourceTree = "<group>"; };
		A8A266C22B22D76A00D1B5FF /* IOTTests.xctest */ = {isa = PBXFileReference; explicitFileType = wrapper.cfbundle; includeInIndex = 0; path = IOTTests.xctest; sourceTree = BUILT_PRODUCTS_DIR; };
		A8A266C62B22D76A00D1B5FF /* IOTTests.swift */ = {isa = PBXFileReference; lastKnownFileType = sourcecode.swift; path = IOTTests.swift; sourceTree = "<group>"; };
		A8A266CC2B22D76A00D1B5FF /* IOTUITests.xctest */ = {isa = PBXFileReference; explicitFileType = wrapper.cfbundle; includeInIndex = 0; path = IOTUITests.xctest; sourceTree = BUILT_PRODUCTS_DIR; };
		A8A266D02B22D76A00D1B5FF /* IOTUITests.swift */ = {isa = PBXFileReference; lastKnownFileType = sourcecode.swift; path = IOTUITests.swift; sourceTree = "<group>"; };
		A8A266D22B22D76A00D1B5FF /* IOTUITestsLaunchTests.swift */ = {isa = PBXFileReference; lastKnownFileType = sourcecode.swift; path = IOTUITestsLaunchTests.swift; sourceTree = "<group>"; };
/* End PBXFileReference section */

/* Begin PBXFrameworksBuildPhase section */
		A8A266AF2B22D76900D1B5FF /* Frameworks */ = {
			isa = PBXFrameworksBuildPhase;
			buildActionMask = 2147483647;
			files = (
			);
			runOnlyForDeploymentPostprocessing = 0;
		};
		A8A266BF2B22D76A00D1B5FF /* Frameworks */ = {
			isa = PBXFrameworksBuildPhase;
			buildActionMask = 2147483647;
			files = (
			);
			runOnlyForDeploymentPostprocessing = 0;
		};
		A8A266C92B22D76A00D1B5FF /* Frameworks */ = {
			isa = PBXFrameworksBuildPhase;
			buildActionMask = 2147483647;
			files = (
			);
			runOnlyForDeploymentPostprocessing = 0;
		};
/* End PBXFrameworksBuildPhase section */

/* Begin PBXGroup section */
		A8A266A92B22D76900D1B5FF = {
			isa = PBXGroup;
			children = (
				A8A266B42B22D76900D1B5FF /* IOT */,
				A8A266C52B22D76A00D1B5FF /* IOTTests */,
				A8A266CF2B22D76A00D1B5FF /* IOTUITests */,
				A8A266B32B22D76900D1B5FF /* Products */,
			);
			sourceTree = "<group>";
		};
		A8A266B32B22D76900D1B5FF /* Products */ = {
			isa = PBXGroup;
			children = (
				A8A266B22B22D76900D1B5FF /* IOT.app */,
				A8A266C22B22D76A00D1B5FF /* IOTTests.xctest */,
				A8A266CC2B22D76A00D1B5FF /* IOTUITests.xctest */,
			);
			name = Products;
			sourceTree = "<group>";
		};
		A8A266B42B22D76900D1B5FF /* IOT */ = {
			isa = PBXGroup;
			children = (
				A8A266B52B22D76900D1B5FF /* IOTApp.swift */,
				A8A266B72B22D76900D1B5FF /* ContentView.swift */,
				A8A266B92B22D76A00D1B5FF /* Assets.xcassets */,
				A8A266BB2B22D76A00D1B5FF /* Preview Content */,
			);
			path = IOT;
			sourceTree = "<group>";
		};
		A8A266BB2B22D76A00D1B5FF /* Preview Content */ = {
			isa = PBXGroup;
			children = (
				A8A266BC2B22D76A00D1B5FF /* Preview Assets.xcassets */,
			);
			path = "Preview Content";
			sourceTree = "<group>";
		};
		A8A266C52B22D76A00D1B5FF /* IOTTests */ = {
			isa = PBXGroup;
			children = (
				A8A266C62B22D76A00D1B5FF /* IOTTests.swift */,
			);
			path = IOTTests;
			sourceTree = "<group>";
		};
		A8A266CF2B22D76A00D1B5FF /* IOTUITests */ = {
			isa = PBXGroup;
			children = (
				A8A266D02B22D76A00D1B5FF /* IOTUITests.swift */,
				A8A266D22B22D76A00D1B5FF /* IOTUITestsLaunchTests.swift */,
			);
			path = IOTUITests;
			sourceTree = "<group>";
		};
/* End PBXGroup section */

/* Begin PBXNativeTarget section */
		A8A266B12B22D76900D1B5FF /* IOT */ = {
			isa = PBXNativeTarget;
			buildConfigurationList = A8A266D62B22D76A00D1B5FF /* Build configuration list for PBXNativeTarget "IOT" */;
			buildPhases = (
				A8A266AE2B22D76900D1B5FF /* Sources */,
				A8A266AF2B22D76900D1B5FF /* Frameworks */,
				A8A266B02B22D76900D1B5FF /* Resources */,
			);
			buildRules = (
			);
			dependencies = (
			);
			name = IOT;
			productName = IOT;
			productReference = A8A266B22B22D76900D1B5FF /* IOT.app */;
			productType = "com.apple.product-type.application";
		};
		A8A266C12B22D76A00D1B5FF /* IOTTests */ = {
			isa = PBXNativeTarget;
			buildConfigurationList = A8A266D92B22D76A00D1B5FF /* Build configuration list for PBXNativeTarget "IOTTests" */;
			buildPhases = (
				A8A266BE2B22D76A00D1B5FF /* Sources */,
				A8A266BF2B22D76A00D1B5FF /* Frameworks */,
				A8A266C02B22D76A00D1B5FF /* Resources */,
			);
			buildRules = (
			);
			dependencies = (
				A8A266C42B22D76A00D1B5FF /* PBXTargetDependency */,
			);
			name = IOTTests;
			productName = IOTTests;
			productReference = A8A266C22B22D76A00D1B5FF /* IOTTests.xctest */;
			productType = "com.apple.product-type.bundle.unit-test";
		};
		A8A266CB2B22D76A00D1B5FF /* IOTUITests */ = {
			isa = PBXNativeTarget;
			buildConfigurationList = A8A266DC2B22D76A00D1B5FF /* Build configuration list for PBXNativeTarget "IOTUITests" */;
			buildPhases = (
				A8A266C82B22D76A00D1B5FF /* Sources */,
				A8A266C92B22D76A00D1B5FF /* Frameworks */,
				A8A266CA2B22D76A00D1B5FF /* Resources */,
			);
			buildRules = (
			);
			dependencies = (
				A8A266CE2B22D76A00D1B5FF /* PBXTargetDependency */,
			);
			name = IOTUITests;
			productName = IOTUITests;
			productReference = A8A266CC2B22D76A00D1B5FF /* IOTUITests.xctest */;
			productType = "com.apple.product-type.bundle.ui-testing";
		};
/* End PBXNativeTarget section */

/* Begin PBXProject section */
		A8A266AA2B22D76900D1B5FF /* Project object */ = {
			isa = PBXProject;
			attributes = {
				BuildIndependentTargetsInParallel = 1;
				LastSwiftUpdateCheck = 1410;
				LastUpgradeCheck = 1410;
				TargetAttributes = {
					A8A266B12B22D76900D1B5FF = {
						CreatedOnToolsVersion = 14.1;
					};
					A8A266C12B22D76A00D1B5FF = {
						CreatedOnToolsVersion = 14.1;
						TestTargetID = A8A266B12B22D76900D1B5FF;
					};
					A8A266CB2B22D76A00D1B5FF = {
						CreatedOnToolsVersion = 14.1;
						TestTargetID = A8A266B12B22D76900D1B5FF;
					};
				};
			};
			buildConfigurationList = A8A266AD2B22D76900D1B5FF /* Build configuration list for PBXProject "IOT" */;
			compatibilityVersion = "Xcode 14.0";
			developmentRegion = en;
			hasScannedForEncodings = 0;
			knownRegions = (
				en,
				Base,
			);
			mainGroup = A8A266A92B22D76900D1B5FF;
			productRefGroup = A8A266B32B22D76900D1B5FF /* Products */;
			projectDirPath = "";
			projectRoot = "";
			targets = (
				A8A266B12B22D76900D1B5FF /* IOT */,
				A8A266C12B22D76A00D1B5FF /* IOTTests */,
				A8A266CB2B22D76A00D1B5FF /* IOTUITests */,
			);
		};
/* End PBXProject section */

/* Begin PBXResourcesBuildPhase section */
		A8A266B02B22D76900D1B5FF /* Resources */ = {
			isa = PBXResourcesBuildPhase;
			buildActionMask = 2147483647;
			files = (
				A8A266BD2B22D76A00D1B5FF /* Preview Assets.xcassets in Resources */,
				A8A266BA2B22D76A00D1B5FF /* Assets.xcassets in Resources */,
			);
			runOnlyForDeploymentPostprocessing = 0;
		};
		A8A266C02B22D76A00D1B5FF /* Resources */ = {
			isa = PBXResourcesBuildPhase;
			buildActionMask = 2147483647;
			files = (
			);
			runOnlyForDeploymentPostprocessing = 0;
		};
		A8A266CA2B22D76A00D1B5FF /* Resources */ = {
			isa = PBXResourcesBuildPhase;
			buildActionMask = 2147483647;
			files = (
			);
			runOnlyForDeploymentPostprocessing = 0;
		};
/* End PBXResourcesBuildPhase section */

/* Begin PBXSourcesBuildPhase section */
		A8A266AE2B22D76900D1B5FF /* Sources */ = {
			isa = PBXSourcesBuildPhase;
			buildActionMask = 2147483647;
			files = (
				A8A266B82B22D76900D1B5FF /* ContentView.swift in Sources */,
				A8A266B62B22D76900D1B5FF /* IOTApp.swift in Sources */,
			);
			runOnlyForDeploymentPostprocessing = 0;
		};
		A8A266BE2B22D76A00D1B5FF /* Sources */ = {
			isa = PBXSourcesBuildPhase;
			buildActionMask = 2147483647;
			files = (
				A8A266C72B22D76A00D1B5FF /* IOTTests.swift in Sources */,
			);
			runOnlyForDeploymentPostprocessing = 0;
		};
		A8A266C82B22D76A00D1B5FF /* Sources */ = {
			isa = PBXSourcesBuildPhase;
			buildActionMask = 2147483647;
			files = (
				A8A266D12B22D76A00D1B5FF /* IOTUITests.swift in Sources */,
				A8A266D32B22D76A00D1B5FF /* IOTUITestsLaunchTests.swift in Sources */,
			);
			runOnlyForDeploymentPostprocessing = 0;
		};
/* End PBXSourcesBuildPhase section */

/* Begin PBXTargetDependency section */
		A8A266C42B22D76A00D1B5FF /* PBXTargetDependency */ = {
			isa = PBXTargetDependency;
			target = A8A266B12B22D76900D1B5FF /* IOT */;
			targetProxy = A8A266C32B22D76A00D1B5FF /* PBXContainerItemProxy */;
		};
		A8A266CE2B22D76A00D1B5FF /* PBXTargetDependency */ = {
			isa = PBXTargetDependency;
			target = A8A266B12B22D76900D1B5FF /* IOT */;
			targetProxy = A8A266CD2B22D76A00D1B5FF /* PBXContainerItemProxy */;
		};
/* End PBXTargetDependency section */

/* Begin XCBuildConfiguration section */
		A8A266D42B22D76A00D1B5FF /* Debug */ = {
			isa = XCBuildConfiguration;
			buildSettings = {
				ALWAYS_SEARCH_USER_PATHS = NO;
				CLANG_ANALYZER_NONNULL = YES;
				CLANG_ANALYZER_NUMBER_OBJECT_CONVERSION = YES_AGGRESSIVE;
				CLANG_CXX_LANGUAGE_STANDARD = "gnu++20";
				CLANG_ENABLE_MODULES = YES;
				CLANG_ENABLE_OBJC_ARC = YES;
				CLANG_ENABLE_OBJC_WEAK = YES;
				CLANG_WARN_BLOCK_CAPTURE_AUTORELEASING = YES;
				CLANG_WARN_BOOL_CONVERSION = YES;
				CLANG_WARN_COMMA = YES;
				CLANG_WARN_CONSTANT_CONVERSION = YES;
				CLANG_WARN_DEPRECATED_OBJC_IMPLEMENTATIONS = YES;
				CLANG_WARN_DIRECT_OBJC_ISA_USAGE = YES_ERROR;
				CLANG_WARN_DOCUMENTATION_COMMENTS = YES;
				CLANG_WARN_EMPTY_BODY = YES;
				CLANG_WARN_ENUM_CONVERSION = YES;
				CLANG_WARN_INFINITE_RECURSION = YES;
				CLANG_WARN_INT_CONVERSION = YES;
				CLANG_WARN_NON_LITERAL_NULL_CONVERSION = YES;
				CLANG_WARN_OBJC_IMPLICIT_RETAIN_SELF = YES;
				CLANG_WARN_OBJC_LITERAL_CONVERSION = YES;
				CLANG_WARN_OBJC_ROOT_CLASS = YES_ERROR;
				CLANG_WARN_QUOTED_INCLUDE_IN_FRAMEWORK_HEADER = YES;
				CLANG_WARN_RANGE_LOOP_ANALYSIS = YES;
				CLANG_WARN_STRICT_PROTOTYPES = YES;
				CLANG_WARN_SUSPICIOUS_MOVE = YES;
				CLANG_WARN_UNGUARDED_AVAILABILITY = YES_AGGRESSIVE;
				CLANG_WARN_UNREACHABLE_CODE = YES;
				CLANG_WARN__DUPLICATE_METHOD_MATCH = YES;
				COPY_PHASE_STRIP = NO;
				DEBUG_INFORMATION_FORMAT = dwarf;
				ENABLE_STRICT_OBJC_MSGSEND = YES;
				ENABLE_TESTABILITY = YES;
				GCC_C_LANGUAGE_STANDARD = gnu11;
				GCC_DYNAMIC_NO_PIC = NO;
				GCC_NO_COMMON_BLOCKS = YES;
				GCC_OPTIMIZATION_LEVEL = 0;
				GCC_PREPROCESSOR_DEFINITIONS = (
					"DEBUG=1",
					"$(inherited)",
				);
				GCC_WARN_64_TO_32_BIT_CONVERSION = YES;
				GCC_WARN_ABOUT_RETURN_TYPE = YES_ERROR;
				GCC_WARN_UNDECLARED_SELECTOR = YES;
				GCC_WARN_UNINITIALIZED_AUTOS = YES_AGGRESSIVE;
				GCC_WARN_UNUSED_FUNCTION = YES;
				GCC_WARN_UNUSED_VARIABLE = YES;
				IPHONEOS_DEPLOYMENT_TARGET = 16.1;
				MTL_ENABLE_DEBUG_INFO = INCLUDE_SOURCE;
				MTL_FAST_MATH = YES;
				ONLY_ACTIVE_ARCH = YES;
				SDKROOT = iphoneos;
				SWIFT_ACTIVE_COMPILATION_CONDITIONS = DEBUG;
				SWIFT_OPTIMIZATION_LEVEL = "-Onone";
			};
			name = Debug;
		};
		A8A266D52B22D76A00D1B5FF /* Release */ = {
			isa = XCBuildConfiguration;
			buildSettings = {
				ALWAYS_SEARCH_USER_PATHS = NO;
				CLANG_ANALYZER_NONNULL = YES;
				CLANG_ANALYZER_NUMBER_OBJECT_CONVERSION = YES_AGGRESSIVE;
				CLANG_CXX_LANGUAGE_STANDARD = "gnu++20";
				CLANG_ENABLE_MODULES = YES;
				CLANG_ENABLE_OBJC_ARC = YES;
				CLANG_ENABLE_OBJC_WEAK = YES;
				CLANG_WARN_BLOCK_CAPTURE_AUTORELEASING = YES;
				CLANG_WARN_BOOL_CONVERSION = YES;
				CLANG_WARN_COMMA = YES;
				CLANG_WARN_CONSTANT_CONVERSION = YES;
				CLANG_WARN_DEPRECATED_OBJC_IMPLEMENTATIONS = YES;
				CLANG_WARN_DIRECT_OBJC_ISA_USAGE = YES_ERROR;
				CLANG_WARN_DOCUMENTATION_COMMENTS = YES;
				CLANG_WARN_EMPTY_BODY = YES;
				CLANG_WARN_ENUM_CONVERSION = YES;
				CLANG_WARN_INFINITE_RECURSION = YES;
				CLANG_WARN_INT_CONVERSION = YES;
				CLANG_WARN_NON_LITERAL_NULL_CONVERSION = YES;
				CLANG_WARN_OBJC_IMPLICIT_RETAIN_SELF = YES;
				CLANG_WARN_OBJC_LITERAL_CONVERSION = YES;
				CLANG_WARN_OBJC_ROOT_CLASS = YES_ERROR;
				CLANG_WARN_QUOTED_INCLUDE_IN_FRAMEWORK_HEADER = YES;
				CLANG_WARN_RANGE_LOOP_ANALYSIS = YES;
				CLANG_WARN_STRICT_PROTOTYPES = YES;
				CLANG_WARN_SUSPICIOUS_MOVE = YES;
				CLANG_WARN_UNGUARDED_AVAILABILITY = YES_AGGRESSIVE;
				CLANG_WARN_UNREACHABLE_CODE = YES;
				CLANG_WARN__DUPLICATE_METHOD_MATCH = YES;
				COPY_PHASE_STRIP = NO;
				DEBUG_INFORMATION_FORMAT = "dwarf-with-dsym";
				ENABLE_NS_ASSERTIONS = NO;
				ENABLE_STRICT_OBJC_MSGSEND = YES;
				GCC_C_LANGUAGE_STANDARD = gnu11;
				GCC_NO_COMMON_BLOCKS = YES;
				GCC_WARN_64_TO_32_BIT_CONVERSION = YES;
				GCC_WARN_ABOUT_RETURN_TYPE = YES_ERROR;
				GCC_WARN_UNDECLARED_SELECTOR = YES;
				GCC_WARN_UNINITIALIZED_AUTOS = YES_AGGRESSIVE;
				GCC_WARN_UNUSED_FUNCTION = YES;
				GCC_WARN_UNUSED_VARIABLE = YES;
				IPHONEOS_DEPLOYMENT_TARGET = 16.1;
				MTL_ENABLE_DEBUG_INFO = NO;
				MTL_FAST_MATH = YES;
				SDKROOT = iphoneos;
				SWIFT_COMPILATION_MODE = wholemodule;
				SWIFT_OPTIMIZATION_LEVEL = "-O";
				VALIDATE_PRODUCT = YES;
			};
			name = Release;
		};
		A8A266D72B22D76A00D1B5FF /* Debug */ = {
			isa = XCBuildConfiguration;
			buildSettings = {
				ASSETCATALOG_COMPILER_APPICON_NAME = AppIcon;
				ASSETCATALOG_COMPILER_GLOBAL_ACCENT_COLOR_NAME = AccentColor;
				CODE_SIGN_STYLE = Automatic;
				CURRENT_PROJECT_VERSION = 1;
				DEVELOPMENT_ASSET_PATHS = "\"IOT/Preview Content\"";
				DEVELOPMENT_TEAM = 3PJ7C69S3Y;
				ENABLE_PREVIEWS = YES;
				GENERATE_INFOPLIST_FILE = YES;
				INFOPLIST_KEY_UIApplicationSceneManifest_Generation = YES;
				INFOPLIST_KEY_UIApplicationSupportsIndirectInputEvents = YES;
				INFOPLIST_KEY_UILaunchScreen_Generation = YES;
				INFOPLIST_KEY_UISupportedInterfaceOrientations_iPad = "UIInterfaceOrientationPortrait UIInterfaceOrientationPortraitUpsideDown UIInterfaceOrientationLandscapeLeft UIInterfaceOrientationLandscapeRight";
				INFOPLIST_KEY_UISupportedInterfaceOrientations_iPhone = "UIInterfaceOrientationPortrait UIInterfaceOrientationLandscapeLeft UIInterfaceOrientationLandscapeRight";
				LD_RUNPATH_SEARCH_PATHS = (
					"$(inherited)",
					"@executable_path/Frameworks",
				);
				MARKETING_VERSION = 1.0;
				PRODUCT_BUNDLE_IDENTIFIER = T.IOT;
				PRODUCT_NAME = "$(TARGET_NAME)";
				SWIFT_EMIT_LOC_STRINGS = YES;
				SWIFT_VERSION = 5.0;
				TARGETED_DEVICE_FAMILY = "1,2";
			};
			name = Debug;
		};
		A8A266D82B22D76A00D1B5FF /* Release */ = {
			isa = XCBuildConfiguration;
			buildSettings = {
				ASSETCATALOG_COMPILER_APPICON_NAME = AppIcon;
				ASSETCATALOG_COMPILER_GLOBAL_ACCENT_COLOR_NAME = AccentColor;
				CODE_SIGN_STYLE = Automatic;
				CURRENT_PROJECT_VERSION = 1;
				DEVELOPMENT_ASSET_PATHS = "\"IOT/Preview Content\"";
				DEVELOPMENT_TEAM = 3PJ7C69S3Y;
				ENABLE_PREVIEWS = YES;
				GENERATE_INFOPLIST_FILE = YES;
				INFOPLIST_KEY_UIApplicationSceneManifest_Generation = YES;
				INFOPLIST_KEY_UIApplicationSupportsIndirectInputEvents = YES;
				INFOPLIST_KEY_UILaunchScreen_Generation = YES;
				INFOPLIST_KEY_UISupportedInterfaceOrientations_iPad = "UIInterfaceOrientationPortrait UIInterfaceOrientationPortraitUpsideDown UIInterfaceOrientationLandscapeLeft UIInterfaceOrientationLandscapeRight";
				INFOPLIST_KEY_UISupportedInterfaceOrientations_iPhone = "UIInterfaceOrientationPortrait UIInterfaceOrientationLandscapeLeft UIInterfaceOrientationLandscapeRight";
				LD_RUNPATH_SEARCH_PATHS = (
					"$(inherited)",
					"@executable_path/Frameworks",
				);
				MARKETING_VERSION = 1.0;
				PRODUCT_BUNDLE_IDENTIFIER = T.IOT;
				PRODUCT_NAME = "$(TARGET_NAME)";
				SWIFT_EMIT_LOC_STRINGS = YES;
				SWIFT_VERSION = 5.0;
				TARGETED_DEVICE_FAMILY = "1,2";
			};
			name = Release;
		};
		A8A266DA2B22D76A00D1B5FF /* Debug */ = {
			isa = XCBuildConfiguration;
			buildSettings = {
				ALWAYS_EMBED_SWIFT_STANDARD_LIBRARIES = YES;
				BUNDLE_LOADER = "$(TEST_HOST)";
				CODE_SIGN_STYLE = Automatic;
				CURRENT_PROJECT_VERSION = 1;
				DEVELOPMENT_TEAM = 3PJ7C69S3Y;
				GENERATE_INFOPLIST_FILE = YES;
				IPHONEOS_DEPLOYMENT_TARGET = 16.1;
				MARKETING_VERSION = 1.0;
				PRODUCT_BUNDLE_IDENTIFIER = T.IOTTests;
				PRODUCT_NAME = "$(TARGET_NAME)";
				SWIFT_EMIT_LOC_STRINGS = NO;
				SWIFT_VERSION = 5.0;
				TARGETED_DEVICE_FAMILY = "1,2";
				TEST_HOST = "$(BUILT_PRODUCTS_DIR)/IOT.app/$(BUNDLE_EXECUTABLE_FOLDER_PATH)/IOT";
			};
			name = Debug;
		};
		A8A266DB2B22D76A00D1B5FF /* Release */ = {
			isa = XCBuildConfiguration;
			buildSettings = {
				ALWAYS_EMBED_SWIFT_STANDARD_LIBRARIES = YES;
				BUNDLE_LOADER = "$(TEST_HOST)";
				CODE_SIGN_STYLE = Automatic;
				CURRENT_PROJECT_VERSION = 1;
				DEVELOPMENT_TEAM = 3PJ7C69S3Y;
				GENERATE_INFOPLIST_FILE = YES;
				IPHONEOS_DEPLOYMENT_TARGET = 16.1;
				MARKETING_VERSION = 1.0;
				PRODUCT_BUNDLE_IDENTIFIER = T.IOTTests;
				PRODUCT_NAME = "$(TARGET_NAME)";
				SWIFT_EMIT_LOC_STRINGS = NO;
				SWIFT_VERSION = 5.0;
				TARGETED_DEVICE_FAMILY = "1,2";
				TEST_HOST = "$(BUILT_PRODUCTS_DIR)/IOT.app/$(BUNDLE_EXECUTABLE_FOLDER_PATH)/IOT";
			};
			name = Release;
		};
		A8A266DD2B22D76A00D1B5FF /* Debug */ = {
			isa = XCBuildConfiguration;
			buildSettings = {
				ALWAYS_EMBED_SWIFT_STANDARD_LIBRARIES = YES;
				CODE_SIGN_STYLE = Automatic;
				CURRENT_PROJECT_VERSION = 1;
				DEVELOPMENT_TEAM = 3PJ7C69S3Y;
				GENERATE_INFOPLIST_FILE = YES;
				MARKETING_VERSION = 1.0;
				PRODUCT_BUNDLE_IDENTIFIER = T.IOTUITests;
				PRODUCT_NAME = "$(TARGET_NAME)";
				SWIFT_EMIT_LOC_STRINGS = NO;
				SWIFT_VERSION = 5.0;
				TARGETED_DEVICE_FAMILY = "1,2";
				TEST_TARGET_NAME = IOT;
			};
			name = Debug;
		};
		A8A266DE2B22D76A00D1B5FF /* Release */ = {
			isa = XCBuildConfiguration;
			buildSettings = {
				ALWAYS_EMBED_SWIFT_STANDARD_LIBRARIES = YES;
				CODE_SIGN_STYLE = Automatic;
				CURRENT_PROJECT_VERSION = 1;
				DEVELOPMENT_TEAM = 3PJ7C69S3Y;
				GENERATE_INFOPLIST_FILE = YES;
				MARKETING_VERSION = 1.0;
				PRODUCT_BUNDLE_IDENTIFIER = T.IOTUITests;
				PRODUCT_NAME = "$(TARGET_NAME)";
				SWIFT_EMIT_LOC_STRINGS = NO;
				SWIFT_VERSION = 5.0;
				TARGETED_DEVICE_FAMILY = "1,2";
				TEST_TARGET_NAME = IOT;
			};
			name = Release;
		};
/* End XCBuildConfiguration section */

/* Begin XCConfigurationList section */
		A8A266AD2B22D76900D1B5FF /* Build configuration list for PBXProject "IOT" */ = {
			isa = XCConfigurationList;
			buildConfigurations = (
				A8A266D42B22D76A00D1B5FF /* Debug */,
				A8A266D52B22D76A00D1B5FF /* Release */,
			);
			defaultConfigurationIsVisible = 0;
			defaultConfigurationName = Release;
		};
		A8A266D62B22D76A00D1B5FF /* Build configuration list for PBXNativeTarget "IOT" */ = {
			isa = XCConfigurationList;
			buildConfigurations = (
				A8A266D72B22D76A00D1B5FF /* Debug */,
				A8A266D82B22D76A00D1B5FF /* Release */,
			);
			defaultConfigurationIsVisible = 0;
			defaultConfigurationName = Release;
		};
		A8A266D92B22D76A00D1B5FF /* Build configuration list for PBXNativeTarget "IOTTests" */ = {
			isa = XCConfigurationList;
			buildConfigurations = (
				A8A266DA2B22D76A00D1B5FF /* Debug */,
				A8A266DB2B22D76A00D1B5FF /* Release */,
			);
			defaultConfigurationIsVisible = 0;
			defaultConfigurationName = Release;
		};
		A8A266DC2B22D76A00D1B5FF /* Build configuration list for PBXNativeTarget "IOTUITests" */ = {
			isa = XCConfigurationList;
			buildConfigurations = (
				A8A266DD2B22D76A00D1B5FF /* Debug */,
				A8A266DE2B22D76A00D1B5FF /* Release */,
			);
			defaultConfigurationIsVisible = 0;
			defaultConfigurationName = Release;
		};
/* End XCConfigurationList section */
	};
	rootObject = A8A266AA2B22D76900D1B5FF /* Project object */;
}
